
Microsoft Visual Studio Solution File, Format Version 12.00
# Visual Studio Version 17
VisualStudioVersion = 17.5.002.0
MinimumVisualStudioVersion = 10.0.40219.1
Project("{9A19103F-16F7-4668-BE54-9A1E7A4F7556}") = "entity-framework-practie-app", "entity-framework-practie-app.csproj", "{7FA8BABB-676C-4D41-9485-AC51F148DE8F}"
EndProject
Global
	GlobalSection(SolutionConfigurationPlatforms) = preSolution
		Debug|Any CPU = Debug|Any CPU
		Release|Any CPU = Release|Any CPU
	EndGlobalSection
	GlobalSection(ProjectConfigurationPlatforms) = postSolution
		{7FA8BABB-676C-4D41-9485-AC51F148DE8F}.Debug|Any CPU.ActiveCfg = Debug|Any CPU
		{7FA8BABB-676C-4D41-9485-AC51F148DE8F}.Debug|Any CPU.Build.0 = Debug|Any CPU
		{7FA8BABB-676C-4D41-9485-AC51F148DE8F}.Release|Any CPU.ActiveCfg = Release|Any CPU
		{7FA8BABB-676C-4D41-9485-AC51F148DE8F}.Release|Any CPU.Build.0 = Release|Any CPU
	EndGlobalSection
	GlobalSection(SolutionProperties) = preSolution
		HideSolutionNode = FALSE
	EndGlobalSection
	GlobalSection(ExtensibilityGlobals) = postSolution
		SolutionGuid = {3511DCCC-B879-4AAE-93A8-0438489B40E2}
	EndGlobalSection
EndGlobal
